// !$*UTF8*$!
{
	archiveVersion = 1;
	classes = {
	};
	objectVersion = 56;
	objects = {

/* Begin PBXBuildFile section */
		53B095DD2AA0C1E600F7F9FB /* ContentsRelatedView.swift in Sources */ = {isa = PBXBuildFile; fileRef = 53B095DC2AA0C1E600F7F9FB /* ContentsRelatedView.swift */; };
		53B095DF2AA0CF7900F7F9FB /* .gitignore in Resources */ = {isa = PBXBuildFile; fileRef = 53B095DE2AA0CF7900F7F9FB /* .gitignore */; };
		53F4ABFB2A9F758B008C9D02 /* AiCrazyApp.swift in Sources */ = {isa = PBXBuildFile; fileRef = 53F4ABFA2A9F758B008C9D02 /* AiCrazyApp.swift */; };
		53F4ABFD2A9F758B008C9D02 /* ContentView.swift in Sources */ = {isa = PBXBuildFile; fileRef = 53F4ABFC2A9F758B008C9D02 /* ContentView.swift */; };
		53F4ABFF2A9F758D008C9D02 /* Assets.xcassets in Resources */ = {isa = PBXBuildFile; fileRef = 53F4ABFE2A9F758D008C9D02 /* Assets.xcassets */; };
		53F4AC022A9F758D008C9D02 /* Preview Assets.xcassets in Resources */ = {isa = PBXBuildFile; fileRef = 53F4AC012A9F758D008C9D02 /* Preview Assets.xcassets */; };
		53F4AC042A9F758D008C9D02 /* Persistence.swift in Sources */ = {isa = PBXBuildFile; fileRef = 53F4AC032A9F758D008C9D02 /* Persistence.swift */; };
		53F4AC072A9F758D008C9D02 /* AiCrazy.xcdatamodeld in Sources */ = {isa = PBXBuildFile; fileRef = 53F4AC052A9F758D008C9D02 /* AiCrazy.xcdatamodeld */; };
		53F4AC0F2A9F75AF008C9D02 /* TextRelatedView.swift in Sources */ = {isa = PBXBuildFile; fileRef = 53F4AC0E2A9F75AF008C9D02 /* TextRelatedView.swift */; };
		53F4AC112A9F77D7008C9D02 /* LayoutRelatedView.swift in Sources */ = {isa = PBXBuildFile; fileRef = 53F4AC102A9F77D7008C9D02 /* LayoutRelatedView.swift */; };
		53F4AC132A9F7AA2008C9D02 /* ControlRelatedView.swift in Sources */ = {isa = PBXBuildFile; fileRef = 53F4AC122A9F7AA2008C9D02 /* ControlRelatedView.swift */; };
/* End PBXBuildFile section */

/* Begin PBXFileReference section */
		53B095DC2AA0C1E600F7F9FB /* ContentsRelatedView.swift */ = {isa = PBXFileReference; lastKnownFileType = sourcecode.swift; path = ContentsRelatedView.swift; sourceTree = "<group>"; };
		53B095DE2AA0CF7900F7F9FB /* .gitignore */ = {isa = PBXFileReference; lastKnownFileType = text; path = .gitignore; sourceTree = "<group>"; };
		53B095E02AA0CFC000F7F9FB /* README.md */ = {isa = PBXFileReference; lastKnownFileType = net.daringfireball.markdown; path = README.md; sourceTree = "<group>"; };
		53F4ABF72A9F758B008C9D02 /* AiCrazy.app */ = {isa = PBXFileReference; explicitFileType = wrapper.application; includeInIndex = 0; path = AiCrazy.app; sourceTree = BUILT_PRODUCTS_DIR; };
		53F4ABFA2A9F758B008C9D02 /* AiCrazyApp.swift */ = {isa = PBXFileReference; lastKnownFileType = sourcecode.swift; path = AiCrazyApp.swift; sourceTree = "<group>"; };
		53F4ABFC2A9F758B008C9D02 /* ContentView.swift */ = {isa = PBXFileReference; lastKnownFileType = sourcecode.swift; path = ContentView.swift; sourceTree = "<group>"; };
		53F4ABFE2A9F758D008C9D02 /* Assets.xcassets */ = {isa = PBXFileReference; lastKnownFileType = folder.assetcatalog; path = Assets.xcassets; sourceTree = "<group>"; };
		53F4AC012A9F758D008C9D02 /* Preview Assets.xcassets */ = {isa = PBXFileReference; lastKnownFileType = folder.assetcatalog; path = "Preview Assets.xcassets"; sourceTree = "<group>"; };
		53F4AC032A9F758D008C9D02 /* Persistence.swift */ = {isa = PBXFileReference; lastKnownFileType = sourcecode.swift; path = Persistence.swift; sourceTree = "<group>"; };
		53F4AC062A9F758D008C9D02 /* AiCrazy.xcdatamodel */ = {isa = PBXFileReference; lastKnownFileType = wrapper.xcdatamodel; path = AiCrazy.xcdatamodel; sourceTree = "<group>"; };
		53F4AC0E2A9F75AF008C9D02 /* TextRelatedView.swift */ = {isa = PBXFileReference; lastKnownFileType = sourcecode.swift; path = TextRelatedView.swift; sourceTree = "<group>"; };
		53F4AC102A9F77D7008C9D02 /* LayoutRelatedView.swift */ = {isa = PBXFileReference; lastKnownFileType = sourcecode.swift; path = LayoutRelatedView.swift; sourceTree = "<group>"; };
		53F4AC122A9F7AA2008C9D02 /* ControlRelatedView.swift */ = {isa = PBXFileReference; lastKnownFileType = sourcecode.swift; path = ControlRelatedView.swift; sourceTree = "<group>"; };
/* End PBXFileReference section */

/* Begin PBXFrameworksBuildPhase section */
		53F4ABF42A9F758B008C9D02 /* Frameworks */ = {
			isa = PBXFrameworksBuildPhase;
			buildActionMask = 2147483647;
			files = (
			);
			runOnlyForDeploymentPostprocessing = 0;
		};
/* End PBXFrameworksBuildPhase section */

/* Begin PBXGroup section */
		53F4ABEE2A9F758B008C9D02 = {
			isa = PBXGroup;
			children = (
				53B095E02AA0CFC000F7F9FB /* README.md */,
				53F4ABF92A9F758B008C9D02 /* AiCrazy */,
				53F4ABF82A9F758B008C9D02 /* Products */,
			);
			sourceTree = "<group>";
		};
		53F4ABF82A9F758B008C9D02 /* Products */ = {
			isa = PBXGroup;
			children = (
				53F4ABF72A9F758B008C9D02 /* AiCrazy.app */,
			);
			name = Products;
			sourceTree = "<group>";
		};
		53F4ABF92A9F758B008C9D02 /* AiCrazy */ = {
			isa = PBXGroup;
			children = (
				53F4AC0D2A9F759C008C9D02 /* View */,
				53F4ABFA2A9F758B008C9D02 /* AiCrazyApp.swift */,
				53F4ABFC2A9F758B008C9D02 /* ContentView.swift */,
				53F4ABFE2A9F758D008C9D02 /* Assets.xcassets */,
				53F4AC032A9F758D008C9D02 /* Persistence.swift */,
				53F4AC052A9F758D008C9D02 /* AiCrazy.xcdatamodeld */,
				53F4AC002A9F758D008C9D02 /* Preview Content */,
				53B095DE2AA0CF7900F7F9FB /* .gitignore */,
			);
			path = AiCrazy;
			sourceTree = "<group>";
		};
		53F4AC002A9F758D008C9D02 /* Preview Content */ = {
			isa = PBXGroup;
			children = (
				53F4AC012A9F758D008C9D02 /* Preview Assets.xcassets */,
			);
			path = "Preview Content";
			sourceTree = "<group>";
		};
		53F4AC0D2A9F759C008C9D02 /* View */ = {
			isa = PBXGroup;
			children = (
				53F4AC0E2A9F75AF008C9D02 /* TextRelatedView.swift */,
				53F4AC102A9F77D7008C9D02 /* LayoutRelatedView.swift */,
				53F4AC122A9F7AA2008C9D02 /* ControlRelatedView.swift */,
				53B095DC2AA0C1E600F7F9FB /* ContentsRelatedView.swift */,
			);
			path = View;
			sourceTree = "<group>";
		};
/* End PBXGroup section */

/* Begin PBXNativeTarget section */
		53F4ABF62A9F758B008C9D02 /* AiCrazy */ = {
			isa = PBXNativeTarget;
			buildConfigurationList = 53F4AC0A2A9F758D008C9D02 /* Build configuration list for PBXNativeTarget "AiCrazy" */;
			buildPhases = (
				53F4ABF32A9F758B008C9D02 /* Sources */,
				53F4ABF42A9F758B008C9D02 /* Frameworks */,
				53F4ABF52A9F758B008C9D02 /* Resources */,
			);
			buildRules = (
			);
			dependencies = (
			);
			name = AiCrazy;
			productName = AiCrazy;
			productReference = 53F4ABF72A9F758B008C9D02 /* AiCrazy.app */;
			productType = "com.apple.product-type.application";
		};
/* End PBXNativeTarget section */

/* Begin PBXProject section */
		53F4ABEF2A9F758B008C9D02 /* Project object */ = {
			isa = PBXProject;
			attributes = {
				BuildIndependentTargetsInParallel = 1;
				LastSwiftUpdateCheck = 1430;
				LastUpgradeCheck = 1430;
				TargetAttributes = {
					53F4ABF62A9F758B008C9D02 = {
						CreatedOnToolsVersion = 14.3.1;
					};
				};
			};
			buildConfigurationList = 53F4ABF22A9F758B008C9D02 /* Build configuration list for PBXProject "AiCrazy" */;
			compatibilityVersion = "Xcode 14.0";
			developmentRegion = en;
			hasScannedForEncodings = 0;
			knownRegions = (
				en,
				Base,
			);
			mainGroup = 53F4ABEE2A9F758B008C9D02;
			productRefGroup = 53F4ABF82A9F758B008C9D02 /* Products */;
			projectDirPath = "";
			projectRoot = "";
			targets = (
				53F4ABF62A9F758B008C9D02 /* AiCrazy */,
			);
		};
/* End PBXProject section */

/* Begin PBXResourcesBuildPhase section */
		53F4ABF52A9F758B008C9D02 /* Resources */ = {
			isa = PBXResourcesBuildPhase;
			buildActionMask = 2147483647;
			files = (
				53F4AC022A9F758D008C9D02 /* Preview Assets.xcassets in Resources */,
				53B095DF2AA0CF7900F7F9FB /* .gitignore in Resources */,
				53F4ABFF2A9F758D008C9D02 /* Assets.xcassets in Resources */,
			);
			runOnlyForDeploymentPostprocessing = 0;
		};
/* End PBXResourcesBuildPhase section */

/* Begin PBXSourcesBuildPhase section */
		53F4ABF32A9F758B008C9D02 /* Sources */ = {
			isa = PBXSourcesBuildPhase;
			buildActionMask = 2147483647;
			files = (
				53F4AC042A9F758D008C9D02 /* Persistence.swift in Sources */,
				53F4ABFD2A9F758B008C9D02 /* ContentView.swift in Sources */,
				53F4AC132A9F7AA2008C9D02 /* ControlRelatedView.swift in Sources */,
				53F4AC112A9F77D7008C9D02 /* LayoutRelatedView.swift in Sources */,
				53F4AC0F2A9F75AF008C9D02 /* TextRelatedView.swift in Sources */,
				53F4ABFB2A9F758B008C9D02 /* AiCrazyApp.swift in Sources */,
				53B095DD2AA0C1E600F7F9FB /* ContentsRelatedView.swift in Sources */,
				53F4AC072A9F758D008C9D02 /* AiCrazy.xcdatamodeld in Sources */,
			);
			runOnlyForDeploymentPostprocessing = 0;
		};
/* End PBXSourcesBuildPhase section */

/* Begin XCBuildConfiguration section */
		53F4AC082A9F758D008C9D02 /* Debug */ = {
			isa = XCBuildConfiguration;
			buildSettings = {
				ALWAYS_SEARCH_USER_PATHS = NO;
				CLANG_ANALYZER_NONNULL = YES;
				CLANG_ANALYZER_NUMBER_OBJECT_CONVERSION = YES_AGGRESSIVE;
				CLANG_CXX_LANGUAGE_STANDARD = "gnu++20";
				CLANG_ENABLE_MODULES = YES;
				CLANG_ENABLE_OBJC_ARC = YES;
				CLANG_ENABLE_OBJC_WEAK = YES;
				CLANG_WARN_BLOCK_CAPTURE_AUTORELEASING = YES;
				CLANG_WARN_BOOL_CONVERSION = YES;
				CLANG_WARN_COMMA = YES;
				CLANG_WARN_CONSTANT_CONVERSION = YES;
				CLANG_WARN_DEPRECATED_OBJC_IMPLEMENTATIONS = YES;
				CLANG_WARN_DIRECT_OBJC_ISA_USAGE = YES_ERROR;
				CLANG_WARN_DOCUMENTATION_COMMENTS = YES;
				CLANG_WARN_EMPTY_BODY = YES;
				CLANG_WARN_ENUM_CONVERSION = YES;
				CLANG_WARN_INFINITE_RECURSION = YES;
				CLANG_WARN_INT_CONVERSION = YES;
				CLANG_WARN_NON_LITERAL_NULL_CONVERSION = YES;
				CLANG_WARN_OBJC_IMPLICIT_RETAIN_SELF = YES;
				CLANG_WARN_OBJC_LITERAL_CONVERSION = YES;
				CLANG_WARN_OBJC_ROOT_CLASS = YES_ERROR;
				CLANG_WARN_QUOTED_INCLUDE_IN_FRAMEWORK_HEADER = YES;
				CLANG_WARN_RANGE_LOOP_ANALYSIS = YES;
				CLANG_WARN_STRICT_PROTOTYPES = YES;
				CLANG_WARN_SUSPICIOUS_MOVE = YES;
				CLANG_WARN_UNGUARDED_AVAILABILITY = YES_AGGRESSIVE;
				CLANG_WARN_UNREACHABLE_CODE = YES;
				CLANG_WARN__DUPLICATE_METHOD_MATCH = YES;
				COPY_PHASE_STRIP = NO;
				DEBUG_INFORMATION_FORMAT = dwarf;
				ENABLE_STRICT_OBJC_MSGSEND = YES;
				ENABLE_TESTABILITY = YES;
				GCC_C_LANGUAGE_STANDARD = gnu11;
				GCC_DYNAMIC_NO_PIC = NO;
				GCC_NO_COMMON_BLOCKS = YES;
				GCC_OPTIMIZATION_LEVEL = 0;
				GCC_PREPROCESSOR_DEFINITIONS = (
					"DEBUG=1",
					"$(inherited)",
				);
				GCC_WARN_64_TO_32_BIT_CONVERSION = YES;
				GCC_WARN_ABOUT_RETURN_TYPE = YES_ERROR;
				GCC_WARN_UNDECLARED_SELECTOR = YES;
				GCC_WARN_UNINITIALIZED_AUTOS = YES_AGGRESSIVE;
				GCC_WARN_UNUSED_FUNCTION = YES;
				GCC_WARN_UNUSED_VARIABLE = YES;
				IPHONEOS_DEPLOYMENT_TARGET = 16.4;
				MTL_ENABLE_DEBUG_INFO = INCLUDE_SOURCE;
				MTL_FAST_MATH = YES;
				ONLY_ACTIVE_ARCH = YES;
				SDKROOT = iphoneos;
				SWIFT_ACTIVE_COMPILATION_CONDITIONS = DEBUG;
				SWIFT_OPTIMIZATION_LEVEL = "-Onone";
			};
			name = Debug;
		};
		53F4AC092A9F758D008C9D02 /* Release */ = {
			isa = XCBuildConfiguration;
			buildSettings = {
				ALWAYS_SEARCH_USER_PATHS = NO;
				CLANG_ANALYZER_NONNULL = YES;
				CLANG_ANALYZER_NUMBER_OBJECT_CONVERSION = YES_AGGRESSIVE;
				CLANG_CXX_LANGUAGE_STANDARD = "gnu++20";
				CLANG_ENABLE_MODULES = YES;
				CLANG_ENABLE_OBJC_ARC = YES;
				CLANG_ENABLE_OBJC_WEAK = YES;
				CLANG_WARN_BLOCK_CAPTURE_AUTORELEASING = YES;
				CLANG_WARN_BOOL_CONVERSION = YES;
				CLANG_WARN_COMMA = YES;
				CLANG_WARN_CONSTANT_CONVERSION = YES;
				CLANG_WARN_DEPRECATED_OBJC_IMPLEMENTATIONS = YES;
				CLANG_WARN_DIRECT_OBJC_ISA_USAGE = YES_ERROR;
				CLANG_WARN_DOCUMENTATION_COMMENTS = YES;
				CLANG_WARN_EMPTY_BODY = YES;
				CLANG_WARN_ENUM_CONVERSION = YES;
				CLANG_WARN_INFINITE_RECURSION = YES;
				CLANG_WARN_INT_CONVERSION = YES;
				CLANG_WARN_NON_LITERAL_NULL_CONVERSION = YES;
				CLANG_WARN_OBJC_IMPLICIT_RETAIN_SELF = YES;
				CLANG_WARN_OBJC_LITERAL_CONVERSION = YES;
				CLANG_WARN_OBJC_ROOT_CLASS = YES_ERROR;
				CLANG_WARN_QUOTED_INCLUDE_IN_FRAMEWORK_HEADER = YES;
				CLANG_WARN_RANGE_LOOP_ANALYSIS = YES;
				CLANG_WARN_STRICT_PROTOTYPES = YES;
				CLANG_WARN_SUSPICIOUS_MOVE = YES;
				CLANG_WARN_UNGUARDED_AVAILABILITY = YES_AGGRESSIVE;
				CLANG_WARN_UNREACHABLE_CODE = YES;
				CLANG_WARN__DUPLICATE_METHOD_MATCH = YES;
				COPY_PHASE_STRIP = NO;
				DEBUG_INFORMATION_FORMAT = "dwarf-with-dsym";
				ENABLE_NS_ASSERTIONS = NO;
				ENABLE_STRICT_OBJC_MSGSEND = YES;
				GCC_C_LANGUAGE_STANDARD = gnu11;
				GCC_NO_COMMON_BLOCKS = YES;
				GCC_WARN_64_TO_32_BIT_CONVERSION = YES;
				GCC_WARN_ABOUT_RETURN_TYPE = YES_ERROR;
				GCC_WARN_UNDECLARED_SELECTOR = YES;
				GCC_WARN_UNINITIALIZED_AUTOS = YES_AGGRESSIVE;
				GCC_WARN_UNUSED_FUNCTION = YES;
				GCC_WARN_UNUSED_VARIABLE = YES;
				IPHONEOS_DEPLOYMENT_TARGET = 16.4;
				MTL_ENABLE_DEBUG_INFO = NO;
				MTL_FAST_MATH = YES;
				SDKROOT = iphoneos;
				SWIFT_COMPILATION_MODE = wholemodule;
				SWIFT_OPTIMIZATION_LEVEL = "-O";
				VALIDATE_PRODUCT = YES;
			};
			name = Release;
		};
		53F4AC0B2A9F758D008C9D02 /* Debug */ = {
			isa = XCBuildConfiguration;
			buildSettings = {
				ASSETCATALOG_COMPILER_APPICON_NAME = AppIcon;
				ASSETCATALOG_COMPILER_GLOBAL_ACCENT_COLOR_NAME = AccentColor;
				CODE_SIGN_STYLE = Automatic;
				CURRENT_PROJECT_VERSION = 1;
				DEVELOPMENT_ASSET_PATHS = "\"AiCrazy/Preview Content\"";
				DEVELOPMENT_TEAM = PJ62M9TM39;
				ENABLE_PREVIEWS = YES;
				GENERATE_INFOPLIST_FILE = YES;
				INFOPLIST_KEY_UIApplicationSceneManifest_Generation = YES;
				INFOPLIST_KEY_UIApplicationSupportsIndirectInputEvents = YES;
				INFOPLIST_KEY_UILaunchScreen_Generation = YES;
				INFOPLIST_KEY_UISupportedInterfaceOrientations_iPad = "UIInterfaceOrientationPortrait UIInterfaceOrientationPortraitUpsideDown UIInterfaceOrientationLandscapeLeft UIInterfaceOrientationLandscapeRight";
				INFOPLIST_KEY_UISupportedInterfaceOrientations_iPhone = "UIInterfaceOrientationPortrait UIInterfaceOrientationLandscapeLeft UIInterfaceOrientationLandscapeRight";
				LD_RUNPATH_SEARCH_PATHS = (
					"$(inherited)",
					"@executable_path/Frameworks",
				);
				MARKETING_VERSION = 1.0;
				PRODUCT_BUNDLE_IDENTIFIER = com.storyhasyou.AiCrazy;
				PRODUCT_NAME = "$(TARGET_NAME)";
				SWIFT_EMIT_LOC_STRINGS = YES;
				SWIFT_VERSION = 5.0;
				TARGETED_DEVICE_FAMILY = "1,2";
			};
			name = Debug;
		};
		53F4AC0C2A9F758D008C9D02 /* Release */ = {
			isa = XCBuildConfiguration;
			buildSettings = {
				ASSETCATALOG_COMPILER_APPICON_NAME = AppIcon;
				ASSETCATALOG_COMPILER_GLOBAL_ACCENT_COLOR_NAME = AccentColor;
				CODE_SIGN_STYLE = Automatic;
				CURRENT_PROJECT_VERSION = 1;
				DEVELOPMENT_ASSET_PATHS = "\"AiCrazy/Preview Content\"";
				DEVELOPMENT_TEAM = PJ62M9TM39;
				ENABLE_PREVIEWS = YES;
				GENERATE_INFOPLIST_FILE = YES;
				INFOPLIST_KEY_UIApplicationSceneManifest_Generation = YES;
				INFOPLIST_KEY_UIApplicationSupportsIndirectInputEvents = YES;
				INFOPLIST_KEY_UILaunchScreen_Generation = YES;
				INFOPLIST_KEY_UISupportedInterfaceOrientations_iPad = "UIInterfaceOrientationPortrait UIInterfaceOrientationPortraitUpsideDown UIInterfaceOrientationLandscapeLeft UIInterfaceOrientationLandscapeRight";
				INFOPLIST_KEY_UISupportedInterfaceOrientations_iPhone = "UIInterfaceOrientationPortrait UIInterfaceOrientationLandscapeLeft UIInterfaceOrientationLandscapeRight";
				LD_RUNPATH_SEARCH_PATHS = (
					"$(inherited)",
					"@executable_path/Frameworks",
				);
				MARKETING_VERSION = 1.0;
				PRODUCT_BUNDLE_IDENTIFIER = com.storyhasyou.AiCrazy;
				PRODUCT_NAME = "$(TARGET_NAME)";
				SWIFT_EMIT_LOC_STRINGS = YES;
				SWIFT_VERSION = 5.0;
				TARGETED_DEVICE_FAMILY = "1,2";
			};
			name = Release;
		};
/* End XCBuildConfiguration section */

/* Begin XCConfigurationList section */
		53F4ABF22A9F758B008C9D02 /* Build configuration list for PBXProject "AiCrazy" */ = {
			isa = XCConfigurationList;
			buildConfigurations = (
				53F4AC082A9F758D008C9D02 /* Debug */,
				53F4AC092A9F758D008C9D02 /* Release */,
			);
			defaultConfigurationIsVisible = 0;
			defaultConfigurationName = Release;
		};
		53F4AC0A2A9F758D008C9D02 /* Build configuration list for PBXNativeTarget "AiCrazy" */ = {
			isa = XCConfigurationList;
			buildConfigurations = (
				53F4AC0B2A9F758D008C9D02 /* Debug */,
				53F4AC0C2A9F758D008C9D02 /* Release */,
			);
			defaultConfigurationIsVisible = 0;
			defaultConfigurationName = Release;
		};
/* End XCConfigurationList section */

/* Begin XCVersionGroup section */
		53F4AC052A9F758D008C9D02 /* AiCrazy.xcdatamodeld */ = {
			isa = XCVersionGroup;
			children = (
				53F4AC062A9F758D008C9D02 /* AiCrazy.xcdatamodel */,
			);
			currentVersion = 53F4AC062A9F758D008C9D02 /* AiCrazy.xcdatamodel */;
			path = AiCrazy.xcdatamodeld;
			sourceTree = "<group>";
			versionGroupType = wrapper.xcdatamodel;
		};
/* End XCVersionGroup section */
	};
	rootObject = 53F4ABEF2A9F758B008C9D02 /* Project object */;
}
